
Microsoft Visual Studio Solution File, Format Version 12.00
# Visual Studio Version 17
VisualStudioVersion = 17.7.34221.43
MinimumVisualStudioVersion = 10.0.40219.1
Project("{FAE04EC0-301F-11D3-BF4B-00C04F79EFBC}") = "ElectDisciplines_API", "ElectDisciplines_API\ElectDisciplines_API.csproj", "{C56B9419-BEF6-49A0-8D44-3420D27A20EB}"
EndProject
Global
	GlobalSection(SolutionConfigurationPlatforms) = preSolution
		Debug|Any CPU = Debug|Any CPU
		Release|Any CPU = Release|Any CPU
	EndGlobalSection
	GlobalSection(ProjectConfigurationPlatforms) = postSolution
		{C56B9419-BEF6-49A0-8D44-3420D27A20EB}.Debug|Any CPU.ActiveCfg = Debug|Any CPU
		{C56B9419-BEF6-49A0-8D44-3420D27A20EB}.Debug|Any CPU.Build.0 = Debug|Any CPU
		{C56B9419-BEF6-49A0-8D44-3420D27A20EB}.Release|Any CPU.ActiveCfg = Release|Any CPU
		{C56B9419-BEF6-49A0-8D44-3420D27A20EB}.Release|Any CPU.Build.0 = Release|Any CPU
	EndGlobalSection
	GlobalSection(SolutionProperties) = preSolution
		HideSolutionNode = FALSE
	EndGlobalSection
	GlobalSection(ExtensibilityGlobals) = postSolution
		SolutionGuid = {80264A74-0BE0-406D-BBAF-F6EB662AC442}
	EndGlobalSection
EndGlobal
